
Microsoft Visual Studio Solution File, Format Version 12.00
# Visual Studio Version 17
VisualStudioVersion = 17.4.33213.308
MinimumVisualStudioVersion = 10.0.40219.1
Project("{FAE04EC0-301F-11D3-BF4B-00C04F79EFBC}") = "myAbsractClass", "myAbsractClass\myAbsractClass.csproj", "{771AB1FD-68CF-41FD-B87E-DA5C8B489755}"
EndProject
Global
	GlobalSection(SolutionConfigurationPlatforms) = preSolution
		Debug|Any CPU = Debug|Any CPU
		Release|Any CPU = Release|Any CPU
	EndGlobalSection
	GlobalSection(ProjectConfigurationPlatforms) = postSolution
		{771AB1FD-68CF-41FD-B87E-DA5C8B489755}.Debug|Any CPU.ActiveCfg = Debug|Any CPU
		{771AB1FD-68CF-41FD-B87E-DA5C8B489755}.Debug|Any CPU.Build.0 = Debug|Any CPU
		{771AB1FD-68CF-41FD-B87E-DA5C8B489755}.Release|Any CPU.ActiveCfg = Release|Any CPU
		{771AB1FD-68CF-41FD-B87E-DA5C8B489755}.Release|Any CPU.Build.0 = Release|Any CPU
	EndGlobalSection
	GlobalSection(SolutionProperties) = preSolution
		HideSolutionNode = FALSE
	EndGlobalSection
	GlobalSection(ExtensibilityGlobals) = postSolution
		SolutionGuid = {31F355F0-90FA-4E7E-B30B-5476AA37E9F2}
	EndGlobalSection
EndGlobal
